// !$*UTF8*$!
{
	archiveVersion = 1;
	classes = {
	};
	objectVersion = 46;
	objects = {

/* Begin PBXBuildFile section */
		D04D12931BE68B38003B9D5B /* AppDelegate.swift in Sources */ = {isa = PBXBuildFile; fileRef = D04D12921BE68B38003B9D5B /* AppDelegate.swift */; };
		D04D12951BE68B38003B9D5B /* ViewController.swift in Sources */ = {isa = PBXBuildFile; fileRef = D04D12941BE68B38003B9D5B /* ViewController.swift */; };
		D04D12981BE68B38003B9D5B /* Main.storyboard in Resources */ = {isa = PBXBuildFile; fileRef = D04D12961BE68B38003B9D5B /* Main.storyboard */; };
		D04D129A1BE68B38003B9D5B /* Assets.xcassets in Resources */ = {isa = PBXBuildFile; fileRef = D04D12991BE68B38003B9D5B /* Assets.xcassets */; };
		D04D129D1BE68B38003B9D5B /* LaunchScreen.storyboard in Resources */ = {isa = PBXBuildFile; fileRef = D04D129B1BE68B38003B9D5B /* LaunchScreen.storyboard */; };
		D04D12A81BE68B38003B9D5B /* SimpleRestTests.swift in Sources */ = {isa = PBXBuildFile; fileRef = D04D12A71BE68B38003B9D5B /* SimpleRestTests.swift */; };
/* End PBXBuildFile section */

/* Begin PBXContainerItemProxy section */
		D04D12A41BE68B38003B9D5B /* PBXContainerItemProxy */ = {
			isa = PBXContainerItemProxy;
			containerPortal = D04D12871BE68B38003B9D5B /* Project object */;
			proxyType = 1;
			remoteGlobalIDString = D04D128E1BE68B38003B9D5B;
			remoteInfo = SimpleRest;
		};
/* End PBXContainerItemProxy section */

/* Begin PBXFileReference section */
		D04D128F1BE68B38003B9D5B /* SimpleRest.app */ = {isa = PBXFileReference; explicitFileType = wrapper.application; includeInIndex = 0; path = SimpleRest.app; sourceTree = BUILT_PRODUCTS_DIR; };
		D04D12921BE68B38003B9D5B /* AppDelegate.swift */ = {isa = PBXFileReference; lastKnownFileType = sourcecode.swift; path = AppDelegate.swift; sourceTree = "<group>"; };
		D04D12941BE68B38003B9D5B /* ViewController.swift */ = {isa = PBXFileReference; lastKnownFileType = sourcecode.swift; path = ViewController.swift; sourceTree = "<group>"; };
		D04D12971BE68B38003B9D5B /* Base */ = {isa = PBXFileReference; lastKnownFileType = file.storyboard; name = Base; path = Base.lproj/Main.storyboard; sourceTree = "<group>"; };
		D04D12991BE68B38003B9D5B /* Assets.xcassets */ = {isa = PBXFileReference; lastKnownFileType = folder.assetcatalog; path = Assets.xcassets; sourceTree = "<group>"; };
		D04D129C1BE68B38003B9D5B /* Base */ = {isa = PBXFileReference; lastKnownFileType = file.storyboard; name = Base; path = Base.lproj/LaunchScreen.storyboard; sourceTree = "<group>"; };
		D04D129E1BE68B38003B9D5B /* Info.plist */ = {isa = PBXFileReference; lastKnownFileType = text.plist.xml; path = Info.plist; sourceTree = "<group>"; };
		D04D12A31BE68B38003B9D5B /* SimpleRestTests.xctest */ = {isa = PBXFileReference; explicitFileType = wrapper.cfbundle; includeInIndex = 0; path = SimpleRestTests.xctest; sourceTree = BUILT_PRODUCTS_DIR; };
		D04D12A71BE68B38003B9D5B /* SimpleRestTests.swift */ = {isa = PBXFileReference; lastKnownFileType = sourcecode.swift; path = SimpleRestTests.swift; sourceTree = "<group>"; };
		D04D12A91BE68B38003B9D5B /* Info.plist */ = {isa = PBXFileReference; lastKnownFileType = text.plist.xml; path = Info.plist; sourceTree = "<group>"; };
/* End PBXFileReference section */

/* Begin PBXFrameworksBuildPhase section */
		D04D128C1BE68B38003B9D5B /* Frameworks */ = {
			isa = PBXFrameworksBuildPhase;
			buildActionMask = 2147483647;
			files = (
			);
			runOnlyForDeploymentPostprocessing = 0;
		};
		D04D12A01BE68B38003B9D5B /* Frameworks */ = {
			isa = PBXFrameworksBuildPhase;
			buildActionMask = 2147483647;
			files = (
			);
			runOnlyForDeploymentPostprocessing = 0;
		};
/* End PBXFrameworksBuildPhase section */

/* Begin PBXGroup section */
		D04D12861BE68B38003B9D5B = {
			isa = PBXGroup;
			children = (
				D04D12911BE68B38003B9D5B /* SimpleRest */,
				D04D12A61BE68B38003B9D5B /* SimpleRestTests */,
				D04D12901BE68B38003B9D5B /* Products */,
			);
			sourceTree = "<group>";
		};
		D04D12901BE68B38003B9D5B /* Products */ = {
			isa = PBXGroup;
			children = (
				D04D128F1BE68B38003B9D5B /* SimpleRest.app */,
				D04D12A31BE68B38003B9D5B /* SimpleRestTests.xctest */,
			);
			name = Products;
			sourceTree = "<group>";
		};
		D04D12911BE68B38003B9D5B /* SimpleRest */ = {
			isa = PBXGroup;
			children = (
				D04D12921BE68B38003B9D5B /* AppDelegate.swift */,
				D04D12941BE68B38003B9D5B /* ViewController.swift */,
				D04D12961BE68B38003B9D5B /* Main.storyboard */,
				D04D12991BE68B38003B9D5B /* Assets.xcassets */,
				D04D129B1BE68B38003B9D5B /* LaunchScreen.storyboard */,
				D04D129E1BE68B38003B9D5B /* Info.plist */,
			);
			path = SimpleRest;
			sourceTree = "<group>";
		};
		D04D12A61BE68B38003B9D5B /* SimpleRestTests */ = {
			isa = PBXGroup;
			children = (
				D04D12A71BE68B38003B9D5B /* SimpleRestTests.swift */,
				D04D12A91BE68B38003B9D5B /* Info.plist */,
			);
			path = SimpleRestTests;
			sourceTree = "<group>";
		};
/* End PBXGroup section */

/* Begin PBXNativeTarget section */
		D04D128E1BE68B38003B9D5B /* SimpleRest */ = {
			isa = PBXNativeTarget;
			buildConfigurationList = D04D12AC1BE68B38003B9D5B /* Build configuration list for PBXNativeTarget "SimpleRest" */;
			buildPhases = (
				D04D128B1BE68B38003B9D5B /* Sources */,
				D04D128C1BE68B38003B9D5B /* Frameworks */,
				D04D128D1BE68B38003B9D5B /* Resources */,
			);
			buildRules = (
			);
			dependencies = (
			);
			name = SimpleRest;
			productName = SimpleRest;
			productReference = D04D128F1BE68B38003B9D5B /* SimpleRest.app */;
			productType = "com.apple.product-type.application";
		};
		D04D12A21BE68B38003B9D5B /* SimpleRestTests */ = {
			isa = PBXNativeTarget;
			buildConfigurationList = D04D12AF1BE68B38003B9D5B /* Build configuration list for PBXNativeTarget "SimpleRestTests" */;
			buildPhases = (
				D04D129F1BE68B38003B9D5B /* Sources */,
				D04D12A01BE68B38003B9D5B /* Frameworks */,
				D04D12A11BE68B38003B9D5B /* Resources */,
			);
			buildRules = (
			);
			dependencies = (
				D04D12A51BE68B38003B9D5B /* PBXTargetDependency */,
			);
			name = SimpleRestTests;
			productName = SimpleRestTests;
			productReference = D04D12A31BE68B38003B9D5B /* SimpleRestTests.xctest */;
			productType = "com.apple.product-type.bundle.unit-test";
		};
/* End PBXNativeTarget section */

/* Begin PBXProject section */
		D04D12871BE68B38003B9D5B /* Project object */ = {
			isa = PBXProject;
			attributes = {
				LastSwiftUpdateCheck = 0710;
				LastUpgradeCheck = 0710;
				ORGANIZATIONNAME = "Benjamin Cortens";
				TargetAttributes = {
					D04D128E1BE68B38003B9D5B = {
						CreatedOnToolsVersion = 7.1;
					};
					D04D12A21BE68B38003B9D5B = {
						CreatedOnToolsVersion = 7.1;
						TestTargetID = D04D128E1BE68B38003B9D5B;
					};
				};
			};
			buildConfigurationList = D04D128A1BE68B38003B9D5B /* Build configuration list for PBXProject "SimpleRest" */;
			compatibilityVersion = "Xcode 3.2";
			developmentRegion = English;
			hasScannedForEncodings = 0;
			knownRegions = (
				en,
				Base,
			);
			mainGroup = D04D12861BE68B38003B9D5B;
			productRefGroup = D04D12901BE68B38003B9D5B /* Products */;
			projectDirPath = "";
			projectRoot = "";
			targets = (
				D04D128E1BE68B38003B9D5B /* SimpleRest */,
				D04D12A21BE68B38003B9D5B /* SimpleRestTests */,
			);
		};
/* End PBXProject section */

/* Begin PBXResourcesBuildPhase section */
		D04D128D1BE68B38003B9D5B /* Resources */ = {
			isa = PBXResourcesBuildPhase;
			buildActionMask = 2147483647;
			files = (
				D04D129D1BE68B38003B9D5B /* LaunchScreen.storyboard in Resources */,
				D04D129A1BE68B38003B9D5B /* Assets.xcassets in Resources */,
				D04D12981BE68B38003B9D5B /* Main.storyboard in Resources */,
			);
			runOnlyForDeploymentPostprocessing = 0;
		};
		D04D12A11BE68B38003B9D5B /* Resources */ = {
			isa = PBXResourcesBuildPhase;
			buildActionMask = 2147483647;
			files = (
			);
			runOnlyForDeploymentPostprocessing = 0;
		};
/* End PBXResourcesBuildPhase section */

/* Begin PBXSourcesBuildPhase section */
		D04D128B1BE68B38003B9D5B /* Sources */ = {
			isa = PBXSourcesBuildPhase;
			buildActionMask = 2147483647;
			files = (
				D04D12951BE68B38003B9D5B /* ViewController.swift in Sources */,
				D04D12931BE68B38003B9D5B /* AppDelegate.swift in Sources */,
			);
			runOnlyForDeploymentPostprocessing = 0;
		};
		D04D129F1BE68B38003B9D5B /* Sources */ = {
			isa = PBXSourcesBuildPhase;
			buildActionMask = 2147483647;
			files = (
				D04D12A81BE68B38003B9D5B /* SimpleRestTests.swift in Sources */,
			);
			runOnlyForDeploymentPostprocessing = 0;
		};
/* End PBXSourcesBuildPhase section */

/* Begin PBXTargetDependency section */
		D04D12A51BE68B38003B9D5B /* PBXTargetDependency */ = {
			isa = PBXTargetDependency;
			target = D04D128E1BE68B38003B9D5B /* SimpleRest */;
			targetProxy = D04D12A41BE68B38003B9D5B /* PBXContainerItemProxy */;
		};
/* End PBXTargetDependency section */

/* Begin PBXVariantGroup section */
		D04D12961BE68B38003B9D5B /* Main.storyboard */ = {
			isa = PBXVariantGroup;
			children = (
				D04D12971BE68B38003B9D5B /* Base */,
			);
			name = Main.storyboard;
			sourceTree = "<group>";
		};
		D04D129B1BE68B38003B9D5B /* LaunchScreen.storyboard */ = {
			isa = PBXVariantGroup;
			children = (
				D04D129C1BE68B38003B9D5B /* Base */,
			);
			name = LaunchScreen.storyboard;
			sourceTree = "<group>";
		};
/* End PBXVariantGroup section */

/* Begin XCBuildConfiguration section */
		D04D12AA1BE68B38003B9D5B /* Debug */ = {
			isa = XCBuildConfiguration;
			buildSettings = {
				ALWAYS_SEARCH_USER_PATHS = NO;
				CLANG_CXX_LANGUAGE_STANDARD = "gnu++0x";
				CLANG_CXX_LIBRARY = "libc++";
				CLANG_ENABLE_MODULES = YES;
				CLANG_ENABLE_OBJC_ARC = YES;
				CLANG_WARN_BOOL_CONVERSION = YES;
				CLANG_WARN_CONSTANT_CONVERSION = YES;
				CLANG_WARN_DIRECT_OBJC_ISA_USAGE = YES_ERROR;
				CLANG_WARN_EMPTY_BODY = YES;
				CLANG_WARN_ENUM_CONVERSION = YES;
				CLANG_WARN_INT_CONVERSION = YES;
				CLANG_WARN_OBJC_ROOT_CLASS = YES_ERROR;
				CLANG_WARN_UNREACHABLE_CODE = YES;
				CLANG_WARN__DUPLICATE_METHOD_MATCH = YES;
				"CODE_SIGN_IDENTITY[sdk=iphoneos*]" = "iPhone Developer";
				COPY_PHASE_STRIP = NO;
				DEBUG_INFORMATION_FORMAT = dwarf;
				ENABLE_STRICT_OBJC_MSGSEND = YES;
				ENABLE_TESTABILITY = YES;
				GCC_C_LANGUAGE_STANDARD = gnu99;
				GCC_DYNAMIC_NO_PIC = NO;
				GCC_NO_COMMON_BLOCKS = YES;
				GCC_OPTIMIZATION_LEVEL = 0;
				GCC_PREPROCESSOR_DEFINITIONS = (
					"DEBUG=1",
					"$(inherited)",
				);
				GCC_WARN_64_TO_32_BIT_CONVERSION = YES;
				GCC_WARN_ABOUT_RETURN_TYPE = YES_ERROR;
				GCC_WARN_UNDECLARED_SELECTOR = YES;
				GCC_WARN_UNINITIALIZED_AUTOS = YES_AGGRESSIVE;
				GCC_WARN_UNUSED_FUNCTION = YES;
				GCC_WARN_UNUSED_VARIABLE = YES;
				IPHONEOS_DEPLOYMENT_TARGET = 9.1;
				MTL_ENABLE_DEBUG_INFO = YES;
				ONLY_ACTIVE_ARCH = YES;
				SDKROOT = iphoneos;
				SWIFT_OPTIMIZATION_LEVEL = "-Onone";
				TARGETED_DEVICE_FAMILY = "1,2";
			};
			name = Debug;
		};
		D04D12AB1BE68B38003B9D5B /* Release */ = {
			isa = XCBuildConfiguration;
			buildSettings = {
				ALWAYS_SEARCH_USER_PATHS = NO;
				CLANG_CXX_LANGUAGE_STANDARD = "gnu++0x";
				CLANG_CXX_LIBRARY = "libc++";
				CLANG_ENABLE_MODULES = YES;
				CLANG_ENABLE_OBJC_ARC = YES;
				CLANG_WARN_BOOL_CONVERSION = YES;
				CLANG_WARN_CONSTANT_CONVERSION = YES;
				CLANG_WARN_DIRECT_OBJC_ISA_USAGE = YES_ERROR;
				CLANG_WARN_EMPTY_BODY = YES;
				CLANG_WARN_ENUM_CONVERSION = YES;
				CLANG_WARN_INT_CONVERSION = YES;
				CLANG_WARN_OBJC_ROOT_CLASS = YES_ERROR;
				CLANG_WARN_UNREACHABLE_CODE = YES;
				CLANG_WARN__DUPLICATE_METHOD_MATCH = YES;
				"CODE_SIGN_IDENTITY[sdk=iphoneos*]" = "iPhone Developer";
				COPY_PHASE_STRIP = NO;
				DEBUG_INFORMATION_FORMAT = "dwarf-with-dsym";
				ENABLE_NS_ASSERTIONS = NO;
				ENABLE_STRICT_OBJC_MSGSEND = YES;
				GCC_C_LANGUAGE_STANDARD = gnu99;
				GCC_NO_COMMON_BLOCKS = YES;
				GCC_WARN_64_TO_32_BIT_CONVERSION = YES;
				GCC_WARN_ABOUT_RETURN_TYPE = YES_ERROR;
				GCC_WARN_UNDECLARED_SELECTOR = YES;
				GCC_WARN_UNINITIALIZED_AUTOS = YES_AGGRESSIVE;
				GCC_WARN_UNUSED_FUNCTION = YES;
				GCC_WARN_UNUSED_VARIABLE = YES;
				IPHONEOS_DEPLOYMENT_TARGET = 9.1;
				MTL_ENABLE_DEBUG_INFO = NO;
				SDKROOT = iphoneos;
				TARGETED_DEVICE_FAMILY = "1,2";
				VALIDATE_PRODUCT = YES;
			};
			name = Release;
		};
		D04D12AD1BE68B38003B9D5B /* Debug */ = {
			isa = XCBuildConfiguration;
			buildSettings = {
				ASSETCATALOG_COMPILER_APPICON_NAME = AppIcon;
				INFOPLIST_FILE = SimpleRest/Info.plist;
				LD_RUNPATH_SEARCH_PATHS = "$(inherited) @executable_path/Frameworks";
				PRODUCT_BUNDLE_IDENTIFIER = com.example.SimpleRest;
				PRODUCT_NAME = "$(TARGET_NAME)";
			};
			name = Debug;
		};
		D04D12AE1BE68B38003B9D5B /* Release */ = {
			isa = XCBuildConfiguration;
			buildSettings = {
				ASSETCATALOG_COMPILER_APPICON_NAME = AppIcon;
				INFOPLIST_FILE = SimpleRest/Info.plist;
				LD_RUNPATH_SEARCH_PATHS = "$(inherited) @executable_path/Frameworks";
				PRODUCT_BUNDLE_IDENTIFIER = com.example.SimpleRest;
				PRODUCT_NAME = "$(TARGET_NAME)";
			};
			name = Release;
		};
		D04D12B01BE68B38003B9D5B /* Debug */ = {
			isa = XCBuildConfiguration;
			buildSettings = {
				BUNDLE_LOADER = "$(TEST_HOST)";
				INFOPLIST_FILE = SimpleRestTests/Info.plist;
				LD_RUNPATH_SEARCH_PATHS = "$(inherited) @executable_path/Frameworks @loader_path/Frameworks";
				PRODUCT_BUNDLE_IDENTIFIER = com.example.SimpleRestTests;
				PRODUCT_NAME = "$(TARGET_NAME)";
				TEST_HOST = "$(BUILT_PRODUCTS_DIR)/SimpleRest.app/SimpleRest";
			};
			name = Debug;
		};
		D04D12B11BE68B38003B9D5B /* Release */ = {
			isa = XCBuildConfiguration;
			buildSettings = {
				BUNDLE_LOADER = "$(TEST_HOST)";
				INFOPLIST_FILE = SimpleRestTests/Info.plist;
				LD_RUNPATH_SEARCH_PATHS = "$(inherited) @executable_path/Frameworks @loader_path/Frameworks";
				PRODUCT_BUNDLE_IDENTIFIER = com.example.SimpleRestTests;
				PRODUCT_NAME = "$(TARGET_NAME)";
				TEST_HOST = "$(BUILT_PRODUCTS_DIR)/SimpleRest.app/SimpleRest";
			};
			name = Release;
		};
/* End XCBuildConfiguration section */

/* Begin XCConfigurationList section */
		D04D128A1BE68B38003B9D5B /* Build configuration list for PBXProject "SimpleRest" */ = {
			isa = XCConfigurationList;
			buildConfigurations = (
				D04D12AA1BE68B38003B9D5B /* Debug */,
				D04D12AB1BE68B38003B9D5B /* Release */,
			);
			defaultConfigurationIsVisible = 0;
			defaultConfigurationName = Release;
		};
		D04D12AC1BE68B38003B9D5B /* Build configuration list for PBXNativeTarget "SimpleRest" */ = {
			isa = XCConfigurationList;
			buildConfigurations = (
				D04D12AD1BE68B38003B9D5B /* Debug */,
				D04D12AE1BE68B38003B9D5B /* Release */,
			);
			defaultConfigurationIsVisible = 0;
		};
		D04D12AF1BE68B38003B9D5B /* Build configuration list for PBXNativeTarget "SimpleRestTests" */ = {
			isa = XCConfigurationList;
			buildConfigurations = (
				D04D12B01BE68B38003B9D5B /* Debug */,
				D04D12B11BE68B38003B9D5B /* Release */,
			);
			defaultConfigurationIsVisible = 0;
		};
/* End XCConfigurationList section */
	};
	rootObject = D04D12871BE68B38003B9D5B /* Project object */;
}
